
Microsoft Visual Studio Solution File, Format Version 12.00
# Visual Studio Version 16
VisualStudioVersion = 25.0.1706.7
MinimumVisualStudioVersion = 10.0.40219.1
Project("{FAE04EC0-301F-11D3-BF4B-00C04F79EFBC}") = "CRUD_01", "CRUD_01\CRUD_01.csproj", "{B5FDF2B9-D25A-4338-BC6F-F7512096F495}"
EndProject
Global
	GlobalSection(SolutionConfigurationPlatforms) = preSolution
		Debug|Any CPU = Debug|Any CPU
		Release|Any CPU = Release|Any CPU
	EndGlobalSection
	GlobalSection(ProjectConfigurationPlatforms) = postSolution
		{B5FDF2B9-D25A-4338-BC6F-F7512096F495}.Debug|Any CPU.ActiveCfg = Debug|Any CPU
		{B5FDF2B9-D25A-4338-BC6F-F7512096F495}.Debug|Any CPU.Build.0 = Debug|Any CPU
		{B5FDF2B9-D25A-4338-BC6F-F7512096F495}.Release|Any CPU.ActiveCfg = Release|Any CPU
		{B5FDF2B9-D25A-4338-BC6F-F7512096F495}.Release|Any CPU.Build.0 = Release|Any CPU
	EndGlobalSection
	GlobalSection(SolutionProperties) = preSolution
		HideSolutionNode = FALSE
	EndGlobalSection
	GlobalSection(ExtensibilityGlobals) = postSolution
		SolutionGuid = {CA25E76E-C47A-4103-8F7F-6E5A47CBAA4C}
	EndGlobalSection
EndGlobal
