
Microsoft Visual Studio Solution File, Format Version 12.00
# Visual Studio Version 16
VisualStudioVersion = 25.0.1706.5
MinimumVisualStudioVersion = 10.0.40219.1
Project("{FAE04EC0-301F-11D3-BF4B-00C04F79EFBC}") = "02_LachesMac", "02_LachesMac\02_LachesMac.csproj", "{D22383C2-1FD9-4A1C-B182-80936C8BAC9A}"
EndProject
Global
	GlobalSection(SolutionConfigurationPlatforms) = preSolution
		Debug|Any CPU = Debug|Any CPU
		Release|Any CPU = Release|Any CPU
	EndGlobalSection
	GlobalSection(ProjectConfigurationPlatforms) = postSolution
		{D22383C2-1FD9-4A1C-B182-80936C8BAC9A}.Debug|Any CPU.ActiveCfg = Debug|Any CPU
		{D22383C2-1FD9-4A1C-B182-80936C8BAC9A}.Debug|Any CPU.Build.0 = Debug|Any CPU
		{D22383C2-1FD9-4A1C-B182-80936C8BAC9A}.Release|Any CPU.ActiveCfg = Release|Any CPU
		{D22383C2-1FD9-4A1C-B182-80936C8BAC9A}.Release|Any CPU.Build.0 = Release|Any CPU
	EndGlobalSection
	GlobalSection(SolutionProperties) = preSolution
		HideSolutionNode = FALSE
	EndGlobalSection
	GlobalSection(ExtensibilityGlobals) = postSolution
		SolutionGuid = {2E146EE4-351B-472A-8221-C3666CADFAB1}
	EndGlobalSection
EndGlobal
